version = 1
revision = 3
requires-python = ">=3.12"

[[package]]
name = "anyio"
version = "4.12.1"
source = { registry = "https://pypi.org/simple" }
dependencies = [
    { name = "idna" },
    { name = "typing-extensions", marker = "python_full_version < '3.13'" },
]
sdist = { url = "https://files.pythonhosted.org/packages/96/f0/5eb65b2bb0d09ac6776f2eb54adee6abe8228ea05b20a5ad0e4945de8aac/anyio-4.12.1.tar.gz", hash = "sha256:41cfcc3a4c85d3f05c932da7c26d0201ac36f72abd4435ba90d0464a3ffed703", size = 228685, upload-time = "2026-01-06T11:45:21.246Z" }
wheels = [
    { url = "https://files.pythonhosted.org/packages/38/0e/27be9fdef66e72d64c0cdc3cc2823101b80585f8119b5c112c2e8f5f7dab/anyio-4.12.1-py3-none-any.whl", hash = "sha256:d405828884fc140aa80a3c667b8beed277f1dfedec42ba031bd6ac3db606ab6c", size = 113592, upload-time = "2026-01-06T11:45:19.497Z" },
]

[[package]]
name = "certifi"
version = "2026.2.25"
source = { registry = "https://pypi.org/simple" }
sdist = { url = "https://files.pythonhosted.org/packages/af/2d/7bf41579a8986e348fa033a31cdd0e4121114f6bce2457e8876010b092dd/certifi-2026.2.25.tar.gz", hash = "sha256:e887ab5cee78ea814d3472169153c2d12cd43b14bd03329a39a9c6e2e80bfba7", size = 155029, upload-time = "2026-02-25T02:54:17.342Z" }
wheels = [
    { url = "https://files.pythonhosted.org/packages/9a/3c/c17fb3ca2d9c3acff52e30b309f538586f9f5b9c9cf454f3845fc9af4881/certifi-2026.2.25-py3-none-any.whl", hash = "sha256:027692e4402ad994f1c42e52a4997a9763c646b73e4096e4d5d6db8af1d6f0fa", size = 153684, upload-time = "2026-02-25T02:54:15.766Z" },
]

[[package]]
name = "click"
version = "8.3.1"
source = { registry = "https://pypi.org/simple" }
dependencies = [
    { name = "colorama", marker = "sys_platform == 'win32'" },
]
sdist = { url = "https://files.pythonhosted.org/packages/3d/fa/656b739db8587d7b5dfa22e22ed02566950fbfbcdc20311993483657a5c0/click-8.3.1.tar.gz", hash = "sha256:12ff4785d337a1bb490bb7e9c2b1ee5da3112e94a8622f26a6c77f5d2fc6842a", size = 295065, upload-time = "2025-11-15T20:45:42.706Z" }
wheels = [
    { url = "https://files.pythonhosted.org/packages/98/78/01c019cdb5d6498122777c1a43056ebb3ebfeef2076d9d026bfe15583b2b/click-8.3.1-py3-none-any.whl", hash = "sha256:981153a64e25f12d547d3426c367a4857371575ee7ad18df2a6183ab0545b2a6", size = 108274, upload-time = "2025-11-15T20:45:41.139Z" },
]

[[package]]
name = "colorama"
version = "0.4.6"
source = { registry = "https://pypi.org/simple" }
sdist = { url = "https://files.pythonhosted.org/packages/d8/53/6f443c9a4a8358a93a6792e2acffb9d9d5cb0a5cfd8802644b7b1c9a02e4/colorama-0.4.6.tar.gz", hash = "sha256:08695f5cb7ed6e0531a20572697297273c47b8cae5a63ffc6d6ed5c201be6e44", size = 27697, upload-time = "2022-10-25T02:36:22.414Z" }
wheels = [
    { url = "https://files.pythonhosted.org/packages/d1/d6/3965ed04c63042e047cb6a3e6ed1a63a35087b6a609aa3a15ed8ac56c221/colorama-0.4.6-py2.py3-none-any.whl", hash = "sha256:4f1d9991f5acc0ca119f9d443620b77f9d6b33703e51011c16baf57afb285fc6", size = 25335, upload-time = "2022-10-25T02:36:20.889Z" },
]

[[package]]
name = "defusedxml"
version = "0.7.1"
source = { registry = "https://pypi.org/simple" }
sdist = { url = "https://files.pythonhosted.org/packages/0f/d5/c66da9b79e5bdb124974bfe172b4daf3c984ebd9c2a06e2b8a4dc7331c72/defusedxml-0.7.1.tar.gz", hash = "sha256:1bb3032db185915b62d7c6209c5a8792be6a32ab2fedacc84e01b52c51aa3e69", size = 75520, upload-time = "2021-03-08T10:59:26.269Z" }
wheels = [
    { url = "https://files.pythonhosted.org/packages/07/6c/aa3f2f849e01cb6a001cd8554a88d4c77c5c1a31c95bdf1cf9301e6d9ef4/defusedxml-0.7.1-py2.py3-none-any.whl", hash = "sha256:a352e7e428770286cc899e2542b6cdaedb2b4953ff269a210103ec58f6198a61", size = 25604, upload-time = "2021-03-08T10:59:24.45Z" },
]

[[package]]
name = "h11"
version = "0.16.0"
source = { registry = "https://pypi.org/simple" }
sdist = { url = "https://files.pythonhosted.org/packages/01/ee/02a2c011bdab74c6fb3c75474d40b3052059d95df7e73351460c8588d963/h11-0.16.0.tar.gz", hash = "sha256:4e35b956cf45792e4caa5885e69fba00bdbc6ffafbfa020300e549b208ee5ff1", size = 101250, upload-time = "2025-04-24T03:35:25.427Z" }
wheels = [
    { url = "https://files.pythonhosted.org/packages/04/4b/29cac41a4d98d144bf5f6d33995617b185d14b22401f75ca86f384e87ff1/h11-0.16.0-py3-none-any.whl", hash = "sha256:63cf8bbe7522de3bf65932fda1d9c2772064ffb3dae62d55932da54b31cb6c86", size = 37515, upload-time = "2025-04-24T03:35:24.344Z" },
]

[[package]]
name = "httpcore"
version = "1.0.9"
source = { registry = "https://pypi.org/simple" }
dependencies = [
    { name = "certifi" },
    { name = "h11" },
]
sdist = { url = "https://files.pythonhosted.org/packages/06/94/82699a10bca87a5556c9c59b5963f2d039dbd239f25bc2a63907a05a14cb/httpcore-1.0.9.tar.gz", hash = "sha256:6e34463af53fd2ab5d807f399a9b45ea31c3dfa2276f15a2c3f00afff6e176e8", size = 85484, upload-time = "2025-04-24T22:06:22.219Z" }
wheels = [
    { url = "https://files.pythonhosted.org/packages/7e/f5/f66802a942d491edb555dd61e3a9961140fd64c90bce1eafd741609d334d/httpcore-1.0.9-py3-none-any.whl", hash = "sha256:2d400746a40668fc9dec9810239072b40b4484b640a8c38fd654a024c7a1bf55", size = 78784, upload-time = "2025-04-24T22:06:20.566Z" },
]

[[package]]
name = "httpx"
version = "0.28.1"
source = { registry = "https://pypi.org/simple" }
dependencies = [
    { name = "anyio" },
    { name = "certifi" },
    { name = "httpcore" },
    { name = "idna" },
]
sdist = { url = "https://files.pythonhosted.org/packages/b1/df/48c586a5fe32a0f01324ee087459e112ebb7224f646c0b5023f5e79e9956/httpx-0.28.1.tar.gz", hash = "sha256:75e98c5f16b0f35b567856f597f06ff2270a374470a5c2392242528e3e3e42fc", size = 141406, upload-time = "2024-12-06T15:37:23.222Z" }
wheels = [
    { url = "https://files.pythonhosted.org/packages/2a/39/e50c7c3a983047577ee07d2a9e53faf5a69493943ec3f6a384bdc792deb2/httpx-0.28.1-py3-none-any.whl", hash = "sha256:d909fcccc110f8c7faf814ca82a9a4d816bc5a6dbfea25d6591d6985b8ba59ad", size = 73517, upload-time = "2024-12-06T15:37:21.509Z" },
]

[[package]]
name = "idna"
version = "3.11"
source = { registry = "https://pypi.org/simple" }
sdist = { url = "https://files.pythonhosted.org/packages/6f/6d/0703ccc57f3a7233505399edb88de3cbd678da106337b9fcde432b65ed60/idna-3.11.tar.gz", hash = "sha256:795dafcc9c04ed0c1fb032c2aa73654d8e8c5023a7df64a53f39190ada629902", size = 194582, upload-time = "2025-10-12T14:55:20.501Z" }
wheels = [
    { url = "https://files.pythonhosted.org/packages/0e/61/66938bbb5fc52dbdf84594873d5b51fb1f7c7794e9c0f5bd885f30bc507b/idna-3.11-py3-none-any.whl", hash = "sha256:771a87f49d9defaf64091e6e6fe9c18d4833f140bd19464795bc32d966ca37ea", size = 71008, upload-time = "2025-10-12T14:55:18.883Z" },
]

[[package]]
name = "iniconfig"
version = "2.3.0"
source = { registry = "https://pypi.org/simple" }
sdist = { url = "https://files.pythonhosted.org/packages/72/34/14ca021ce8e5dfedc35312d08ba8bf51fdd999c576889fc2c24cb97f4f10/iniconfig-2.3.0.tar.gz", hash = "sha256:c76315c77db068650d49c5b56314774a7804df16fee4402c1f19d6d15d8c4730", size = 20503, upload-time = "2025-10-18T21:55:43.219Z" }
wheels = [
    { url = "https://files.pythonhosted.org/packages/cb/b1/3846dd7f199d53cb17f49cba7e651e9ce294d8497c8c150530ed11865bb8/iniconfig-2.3.0-py3-none-any.whl", hash = "sha256:f631c04d2c48c52b84d0d0549c99ff3859c98df65b3101406327ecc7d53fbf12", size = 7484, upload-time = "2025-10-18T21:55:41.639Z" },
]

[[package]]
name = "lupa"
version = "2.6"
source = { registry = "https://pypi.org/simple" }
sdist = { url = "https://files.pythonhosted.org/packages/b8/1c/191c3e6ec6502e3dbe25a53e27f69a5daeac3e56de1f73c0138224171ead/lupa-2.6.tar.gz", hash = "sha256:9a770a6e89576be3447668d7ced312cd6fd41d3c13c2462c9dc2c2ab570e45d9", size = 7240282, upload-time = "2025-10-24T07:20:29.738Z" }
wheels = [
    { url = "https://files.pythonhosted.org/packages/94/86/ce243390535c39d53ea17ccf0240815e6e457e413e40428a658ea4ee4b8d/lupa-2.6-cp312-cp312-macosx_11_0_arm64.whl", hash = "sha256:47ce718817ef1cc0c40d87c3d5ae56a800d61af00fbc0fad1ca9be12df2f3b56", size = 951707, upload-time = "2025-10-24T07:18:03.884Z" },
    { url = "https://files.pythonhosted.org/packages/86/85/cedea5e6cbeb54396fdcc55f6b741696f3f036d23cfaf986d50d680446da/lupa-2.6-cp312-cp312-macosx_11_0_universal2.whl", hash = "sha256:7aba985b15b101495aa4b07112cdc08baa0c545390d560ad5cfde2e9e34f4d58", size = 1916703, upload-time = "2025-10-24T07:18:05.6Z" },
    { url = "https://files.pythonhosted.org/packages/24/be/3d6b5f9a8588c01a4d88129284c726017b2089f3a3fd3ba8bd977292fea0/lupa-2.6-cp312-cp312-macosx_11_0_x86_64.whl", hash = "sha256:b766f62f95b2739f2248977d29b0722e589dcf4f0ccfa827ccbd29f0148bd2e5", size = 985152, upload-time = "2025-10-24T07:18:08.561Z" },
    { url = "https://files.pythonhosted.org/packages/eb/23/9f9a05beee5d5dce9deca4cb07c91c40a90541fc0a8e09db4ee670da550f/lupa-2.6-cp312-cp312-manylinux2010_i686.manylinux_2_12_i686.manylinux_2_28_i686.whl", hash = "sha256:00a934c23331f94cb51760097ebfab14b005d55a6b30a2b480e3c53dd2fa290d", size = 1159599, upload-time = "2025-10-24T07:18:10.346Z" },
    { url = "https://files.pythonhosted.org/packages/40/4e/e7c0583083db9d7f1fd023800a9767d8e4391e8330d56c2373d890ac971b/lupa-2.6-cp312-cp312-manylinux2014_aarch64.manylinux_2_17_aarch64.manylinux_2_28_aarch64.whl", hash = "sha256:21de9f38bd475303e34a042b7081aabdf50bd9bafd36ce4faea2f90fd9f15c31", size = 1038686, upload-time = "2025-10-24T07:18:12.112Z" },
    { url = "https://files.pythonhosted.org/packages/1c/9f/5a4f7d959d4feba5e203ff0c31889e74d1ca3153122be4a46dca7d92bf7c/lupa-2.6-cp312-cp312-manylinux2014_x86_64.manylinux_2_17_x86_64.manylinux_2_28_x86_64.whl", hash = "sha256:cf3bda96d3fc41237e964a69c23647d50d4e28421111360274d4799832c560e9", size = 2071956, upload-time = "2025-10-24T07:18:14.572Z" },
    { url = "https://files.pythonhosted.org/packages/92/34/2f4f13ca65d01169b1720176aedc4af17bc19ee834598c7292db232cb6dc/lupa-2.6-cp312-cp312-musllinux_1_2_aarch64.whl", hash = "sha256:5a76ead245da54801a81053794aa3975f213221f6542d14ec4b859ee2e7e0323", size = 1057199, upload-time = "2025-10-24T07:18:16.379Z" },
    { url = "https://files.pythonhosted.org/packages/35/2a/5f7d2eebec6993b0dcd428e0184ad71afb06a45ba13e717f6501bfed1da3/lupa-2.6-cp312-cp312-musllinux_1_2_i686.whl", hash = "sha256:8dd0861741caa20886ddbda0a121d8e52fb9b5bb153d82fa9bba796962bf30e8", size = 1173693, upload-time = "2025-10-24T07:18:18.153Z" },
    { url = "https://files.pythonhosted.org/packages/e4/29/089b4d2f8e34417349af3904bb40bec40b65c8731f45e3fd8d497ca573e5/lupa-2.6-cp312-cp312-musllinux_1_2_x86_64.whl", hash = "sha256:239e63948b0b23023f81d9a19a395e768ed3da6a299f84e7963b8f813f6e3f9c", size = 2164394, upload-time = "2025-10-24T07:18:20.403Z" },
    { url = "https://files.pythonhosted.org/packages/f3/1b/79c17b23c921f81468a111cad843b076a17ef4b684c4a8dff32a7969c3f0/lupa-2.6-cp312-cp312-win32.whl", hash = "sha256:325894e1099499e7a6f9c351147661a2011887603c71086d36fe0f964d52d1ce", size = 1420647, upload-time = "2025-10-24T07:18:23.368Z" },
    { url = "https://files.pythonhosted.org/packages/b8/15/5121e68aad3584e26e1425a5c9a79cd898f8a152292059e128c206ee817c/lupa-2.6-cp312-cp312-win_amd64.whl", hash = "sha256:c735a1ce8ee60edb0fe71d665f1e6b7c55c6021f1d340eb8c865952c602cd36f", size = 1688529, upload-time = "2025-10-24T07:18:25.523Z" },
    { url = "https://files.pythonhosted.org/packages/28/1d/21176b682ca5469001199d8b95fa1737e29957a3d185186e7a8b55345f2e/lupa-2.6-cp313-cp313-macosx_11_0_arm64.whl", hash = "sha256:663a6e58a0f60e7d212017d6678639ac8df0119bc13c2145029dcba084391310", size = 947232, upload-time = "2025-10-24T07:18:27.878Z" },
    { url = "https://files.pythonhosted.org/packages/ce/4c/d327befb684660ca13cf79cd1f1d604331808f9f1b6fb6bf57832f8edf80/lupa-2.6-cp313-cp313-macosx_11_0_universal2.whl", hash = "sha256:d1f5afda5c20b1f3217a80e9bc1b77037f8a6eb11612fd3ada19065303c8f380", size = 1908625, upload-time = "2025-10-24T07:18:29.944Z" },
    { url = "https://files.pythonhosted.org/packages/66/8e/ad22b0a19454dfd08662237a84c792d6d420d36b061f239e084f29d1a4f3/lupa-2.6-cp313-cp313-macosx_11_0_x86_64.whl", hash = "sha256:26f2b3c085fe76e9119e48c1013c1cccdc1f51585d456858290475aa38e7089e", size = 981057, upload-time = "2025-10-24T07:18:31.553Z" },
    { url = "https://files.pythonhosted.org/packages/5c/48/74859073ab276bd0566c719f9ca0108b0cfc1956ca0d68678d117d47d155/lupa-2.6-cp313-cp313-manylinux2010_i686.manylinux_2_12_i686.manylinux_2_28_i686.whl", hash = "sha256:60d2f902c7b96fb8ab98493dcff315e7bb4d0b44dc9dd76eb37de575025d5685", size = 1156227, upload-time = "2025-10-24T07:18:33.981Z" },
    { url = "https://files.pythonhosted.org/packages/09/6c/0e9ded061916877253c2266074060eb71ed99fb21d73c8c114a76725bce2/lupa-2.6-cp313-cp313-manylinux2014_aarch64.manylinux_2_17_aarch64.manylinux_2_28_aarch64.whl", hash = "sha256:a02d25dee3a3250967c36590128d9220ae02f2eda166a24279da0b481519cbff", size = 1035752, upload-time = "2025-10-24T07:18:36.32Z" },
    { url = "https://files.pythonhosted.org/packages/dd/ef/f8c32e454ef9f3fe909f6c7d57a39f950996c37a3deb7b391fec7903dab7/lupa-2.6-cp313-cp313-manylinux2014_x86_64.manylinux_2_17_x86_64.manylinux_2_28_x86_64.whl", hash = "sha256:6eae1ee16b886b8914ff292dbefbf2f48abfbdee94b33a88d1d5475e02423203", size = 2069009, upload-time = "2025-10-24T07:18:38.072Z" },
    { url = "https://files.pythonhosted.org/packages/53/dc/15b80c226a5225815a890ee1c11f07968e0aba7a852df41e8ae6fe285063/lupa-2.6-cp313-cp313-musllinux_1_2_aarch64.whl", hash = "sha256:b0edd5073a4ee74ab36f74fe61450148e6044f3952b8d21248581f3c5d1a58be", size = 1056301, upload-time = "2025-10-24T07:18:40.165Z" },
    { url = "https://files.pythonhosted.org/packages/31/14/2086c1425c985acfb30997a67e90c39457122df41324d3c179d6ee2292c6/lupa-2.6-cp313-cp313-musllinux_1_2_i686.whl", hash = "sha256:0c53ee9f22a8a17e7d4266ad48e86f43771951797042dd51d1494aaa4f5f3f0a", size = 1170673, upload-time = "2025-10-24T07:18:42.426Z" },
    { url = "https://files.pythonhosted.org/packages/10/e5/b216c054cf86576c0191bf9a9f05de6f7e8e07164897d95eea0078dca9b2/lupa-2.6-cp313-cp313-musllinux_1_2_x86_64.whl", hash = "sha256:de7c0f157a9064a400d828789191a96da7f4ce889969a588b87ec80de9b14772", size = 2162227, upload-time = "2025-10-24T07:18:46.112Z" },
    { url = "https://files.pythonhosted.org/packages/59/2f/33ecb5bedf4f3bc297ceacb7f016ff951331d352f58e7e791589609ea306/lupa-2.6-cp313-cp313-win32.whl", hash = "sha256:ee9523941ae0a87b5b703417720c5d78f72d2f5bc23883a2ea80a949a3ed9e75", size = 1419558, upload-time = "2025-10-24T07:18:48.371Z" },
    { url = "https://files.pythonhosted.org/packages/f9/b4/55e885834c847ea610e111d87b9ed4768f0afdaeebc00cd46810f25029f6/lupa-2.6-cp313-cp313-win_amd64.whl", hash = "sha256:b1335a5835b0a25ebdbc75cf0bda195e54d133e4d994877ef025e218c2e59db9", size = 1683424, upload-time = "2025-10-24T07:18:50.976Z" },
    { url = "https://files.pythonhosted.org/packages/66/9d/d9427394e54d22a35d1139ef12e845fd700d4872a67a34db32516170b746/lupa-2.6-cp314-cp314-macosx_11_0_arm64.whl", hash = "sha256:dcb6d0a3264873e1653bc188499f48c1fb4b41a779e315eba45256cfe7bc33c1", size = 953818, upload-time = "2025-10-24T07:18:53.378Z" },
    { url = "https://files.pythonhosted.org/packages/10/41/27bbe81953fb2f9ecfced5d9c99f85b37964cfaf6aa8453bb11283983721/lupa-2.6-cp314-cp314-macosx_11_0_universal2.whl", hash = "sha256:a37e01f2128f8c36106726cb9d360bac087d58c54b4522b033cc5691c584db18", size = 1915850, upload-time = "2025-10-24T07:18:55.259Z" },
    { url = "https://files.pythonhosted.org/packages/a3/98/f9ff60db84a75ba8725506bbf448fb085bc77868a021998ed2a66d920568/lupa-2.6-cp314-cp314-macosx_11_0_x86_64.whl", hash = "sha256:458bd7e9ff3c150b245b0fcfbb9bd2593d1152ea7f0a7b91c1d185846da033fe", size = 982344, upload-time = "2025-10-24T07:18:57.05Z" },
    { url = "https://files.pythonhosted.org/packages/41/f7/f39e0f1c055c3b887d86b404aaf0ca197b5edfd235a8b81b45b25bac7fc3/lupa-2.6-cp314-cp314-manylinux2010_i686.manylinux_2_12_i686.manylinux_2_28_i686.whl", hash = "sha256:052ee82cac5206a02df77119c325339acbc09f5ce66967f66a2e12a0f3211cad", size = 1156543, upload-time = "2025-10-24T07:18:59.251Z" },
    { url = "https://files.pythonhosted.org/packages/9e/9c/59e6cffa0d672d662ae17bd7ac8ecd2c89c9449dee499e3eb13ca9cd10d9/lupa-2.6-cp314-cp314-manylinux2014_aarch64.manylinux_2_17_aarch64.manylinux_2_28_aarch64.whl", hash = "sha256:96594eca3c87dd07938009e95e591e43d554c1dbd0385be03c100367141db5a8", size = 1047974, upload-time = "2025-10-24T07:19:01.449Z" },
    { url = "https://files.pythonhosted.org/packages/23/c6/a04e9cef7c052717fcb28fb63b3824802488f688391895b618e39be0f684/lupa-2.6-cp314-cp314-manylinux2014_x86_64.manylinux_2_17_x86_64.manylinux_2_28_x86_64.whl", hash = "sha256:e8faddd9d198688c8884091173a088a8e920ecc96cda2ffed576a23574c4b3f6", size = 2073458, upload-time = "2025-10-24T07:19:03.369Z" },
    { url = "https://files.pythonhosted.org/packages/e6/10/824173d10f38b51fc77785228f01411b6ca28826ce27404c7c912e0e442c/lupa-2.6-cp314-cp314-musllinux_1_2_aarch64.whl", hash = "sha256:daebb3a6b58095c917e76ba727ab37b27477fb926957c825205fbda431552134", size = 1067683, upload-time = "2025-10-24T07:19:06.2Z" },
    { url = "https://files.pythonhosted.org/packages/b6/dc/9692fbcf3c924d9c4ece2d8d2f724451ac2e09af0bd2a782db1cef34e799/lupa-2.6-cp314-cp314-musllinux_1_2_i686.whl", hash = "sha256:f3154e68972befe0f81564e37d8142b5d5d79931a18309226a04ec92487d4ea3", size = 1171892, upload-time = "2025-10-24T07:19:08.544Z" },
    { url = "https://files.pythonhosted.org/packages/84/ff/e318b628d4643c278c96ab3ddea07fc36b075a57383c837f5b11e537ba9d/lupa-2.6-cp314-cp314-musllinux_1_2_x86_64.whl", hash = "sha256:e4dadf77b9fedc0bfa53417cc28dc2278a26d4cbd95c29f8927ad4d8fe0a7ef9", size = 2166641, upload-time = "2025-10-24T07:19:10.485Z" },
    { url = "https://files.pythonhosted.org/packages/12/f7/a6f9ec2806cf2d50826980cdb4b3cffc7691dc6f95e13cc728846d5cb793/lupa-2.6-cp314-cp314-win32.whl", hash = "sha256:cb34169c6fa3bab3e8ac58ca21b8a7102f6a94b6a5d08d3636312f3f02fafd8f", size = 1456857, upload-time = "2025-10-24T07:19:37.989Z" },
    { url = "https://files.pythonhosted.org/packages/c5/de/df71896f25bdc18360fdfa3b802cd7d57d7fede41a0e9724a4625b412c85/lupa-2.6-cp314-cp314-win_amd64.whl", hash = "sha256:b74f944fe46c421e25d0f8692aef1e842192f6f7f68034201382ac440ef9ea67", size = 1731191, upload-time = "2025-10-24T07:19:40.281Z" },
    { url = "https://files.pythonhosted.org/packages/47/3c/a1f23b01c54669465f5f4c4083107d496fbe6fb45998771420e9aadcf145/lupa-2.6-cp314-cp314t-macosx_11_0_arm64.whl", hash = "sha256:0e21b716408a21ab65723f8841cf7f2f37a844b7a965eeabb785e27fca4099cf", size = 999343, upload-time = "2025-10-24T07:19:12.519Z" },
    { url = "https://files.pythonhosted.org/packages/c5/6d/501994291cb640bfa2ccf7f554be4e6914afa21c4026bd01bff9ca8aac57/lupa-2.6-cp314-cp314t-macosx_11_0_universal2.whl", hash = "sha256:589db872a141bfff828340079bbdf3e9a31f2689f4ca0d88f97d9e8c2eae6142", size = 2000730, upload-time = "2025-10-24T07:19:14.869Z" },
    { url = "https://files.pythonhosted.org/packages/53/a5/457ffb4f3f20469956c2d4c4842a7675e884efc895b2f23d126d23e126cc/lupa-2.6-cp314-cp314t-macosx_11_0_x86_64.whl", hash = "sha256:cd852a91a4a9d4dcbb9a58100f820a75a425703ec3e3f049055f60b8533b7953", size = 1021553, upload-time = "2025-10-24T07:19:17.123Z" },
    { url = "https://files.pythonhosted.org/packages/51/6b/36bb5a5d0960f2a5c7c700e0819abb76fd9bf9c1d8a66e5106416d6e9b14/lupa-2.6-cp314-cp314t-manylinux2010_i686.manylinux_2_12_i686.manylinux_2_28_i686.whl", hash = "sha256:0334753be028358922415ca97a64a3048e4ed155413fc4eaf87dd0a7e2752983", size = 1133275, upload-time = "2025-10-24T07:19:20.51Z" },
    { url = "https://files.pythonhosted.org/packages/19/86/202ff4429f663013f37d2229f6176ca9f83678a50257d70f61a0a97281bf/lupa-2.6-cp314-cp314t-manylinux2014_aarch64.manylinux_2_17_aarch64.manylinux_2_28_aarch64.whl", hash = "sha256:661d895cd38c87658a34780fac54a690ec036ead743e41b74c3fb81a9e65a6aa", size = 1038441, upload-time = "2025-10-24T07:19:22.509Z" },
    { url = "https://files.pythonhosted.org/packages/a7/42/d8125f8e420714e5b52e9c08d88b5329dfb02dcca731b4f21faaee6cc5b5/lupa-2.6-cp314-cp314t-manylinux2014_x86_64.manylinux_2_17_x86_64.manylinux_2_28_x86_64.whl", hash = "sha256:6aa58454ccc13878cc177c62529a2056be734da16369e451987ff92784994ca7", size = 2058324, upload-time = "2025-10-24T07:19:24.979Z" },
    { url = "https://files.pythonhosted.org/packages/2b/2c/47bf8b84059876e877a339717ddb595a4a7b0e8740bacae78ba527562e1c/lupa-2.6-cp314-cp314t-musllinux_1_2_aarch64.whl", hash = "sha256:1425017264e470c98022bba8cff5bd46d054a827f5df6b80274f9cc71dafd24f", size = 1060250, upload-time = "2025-10-24T07:19:27.262Z" },
    { url = "https://files.pythonhosted.org/packages/c2/06/d88add2b6406ca1bdec99d11a429222837ca6d03bea42ca75afa169a78cb/lupa-2.6-cp314-cp314t-musllinux_1_2_i686.whl", hash = "sha256:224af0532d216e3105f0a127410f12320f7c5f1aa0300bdf9646b8d9afb0048c", size = 1151126, upload-time = "2025-10-24T07:19:29.522Z" },
    { url = "https://files.pythonhosted.org/packages/b4/a0/89e6a024c3b4485b89ef86881c9d55e097e7cb0bdb74efb746f2fa6a9a76/lupa-2.6-cp314-cp314t-musllinux_1_2_x86_64.whl", hash = "sha256:9abb98d5a8fd27c8285302e82199f0e56e463066f88f619d6594a450bf269d80", size = 2153693, upload-time = "2025-10-24T07:19:31.379Z" },
    { url = "https://files.pythonhosted.org/packages/b6/36/a0f007dc58fc1bbf51fb85dcc82fcb1f21b8c4261361de7dab0e3d8521ef/lupa-2.6-cp314-cp314t-win32.whl", hash = "sha256:1849efeba7a8f6fb8aa2c13790bee988fd242ae404bd459509640eeea3d1e291", size = 1590104, upload-time = "2025-10-24T07:19:33.514Z" },
    { url = "https://files.pythonhosted.org/packages/7d/5e/db903ce9cf82c48d6b91bf6d63ae4c8d0d17958939a4e04ba6b9f38b8643/lupa-2.6-cp314-cp314t-win_amd64.whl", hash = "sha256:fc1498d1a4fc028bc521c26d0fad4ca00ed63b952e32fb95949bda76a04bad52", size = 1913818, upload-time = "2025-10-24T07:19:36.039Z" },
]

[[package]]
name = "packaging"
version = "26.0"
source = { registry = "https://pypi.org/simple" }
sdist = { url = "https://files.pythonhosted.org/packages/65/ee/299d360cdc32edc7d2cf530f3accf79c4fca01e96ffc950d8a52213bd8e4/packaging-26.0.tar.gz", hash = "sha256:00243ae351a257117b6a241061796684b084ed1c516a08c48a3f7e147a9d80b4", size = 143416, upload-time = "2026-01-21T20:50:39.064Z" }
wheels = [
    { url = "https://files.pythonhosted.org/packages/b7/b9/c538f279a4e237a006a2c98387d081e9eb060d203d8ed34467cc0f0b9b53/packaging-26.0-py3-none-any.whl", hash = "sha256:b36f1fef9334a5588b4166f8bcd26a14e521f2b55e6b9de3aaa80d3ff7a37529", size = 74366, upload-time = "2026-01-21T20:50:37.788Z" },
]

[[package]]
name = "pluggy"
version = "1.6.0"
source = { registry = "https://pypi.org/simple" }
sdist = { url = "https://files.pythonhosted.org/packages/f9/e2/3e91f31a7d2b083fe6ef3fa267035b518369d9511ffab804f839851d2779/pluggy-1.6.0.tar.gz", hash = "sha256:7dcc130b76258d33b90f61b658791dede3486c3e6bfb003ee5c9bfb396dd22f3", size = 69412, upload-time = "2025-05-15T12:30:07.975Z" }
wheels = [
    { url = "https://files.pythonhosted.org/packages/54/20/4d324d65cc6d9205fabedc306948156824eb9f0ee1633355a8f7ec5c66bf/pluggy-1.6.0-py3-none-any.whl", hash = "sha256:e920276dd6813095e9377c0bc5566d94c932c33b27a3e3945d8389c374dd4746", size = 20538, upload-time = "2025-05-15T12:30:06.134Z" },
]

[[package]]
name = "pob-mcp"
version = "0.1.0"
source = { editable = "." }
dependencies = [
    { name = "click" },
    { name = "defusedxml" },
    { name = "httpx" },
    { name = "lupa" },
]

[package.optional-dependencies]
test = [
    { name = "pytest" },
    { name = "respx" },
]

[package.dev-dependencies]
dev = [
    { name = "pytest" },
    { name = "respx" },
    { name = "ruff" },
    { name = "ty" },
    { name = "types-defusedxml" },
    { name = "types-lupa" },
]

[package.metadata]
requires-dist = [
    { name = "click", specifier = ">=8.0" },
    { name = "defusedxml", specifier = ">=0.7" },
    { name = "httpx", specifier = ">=0.27" },
    { name = "lupa", specifier = ">=2.0" },
    { name = "pytest", marker = "extra == 'test'", specifier = ">=8.0" },
    { name = "respx", marker = "extra == 'test'", specifier = ">=0.22" },
]
provides-extras = ["test"]

[package.metadata.requires-dev]
dev = [
    { name = "pytest", specifier = ">=8.0" },
    { name = "respx", specifier = ">=0.22" },
    { name = "ruff", specifier = ">=0.11" },
    { name = "ty", specifier = ">=0.0.1a7" },
    { name = "types-defusedxml", specifier = ">=0.7" },
    { name = "types-lupa", specifier = ">=2.0" },
]

[[package]]
name = "pygments"
version = "2.19.2"
source = { registry = "https://pypi.org/simple" }
sdist = { url = "https://files.pythonhosted.org/packages/b0/77/a5b8c569bf593b0140bde72ea885a803b82086995367bf2037de0159d924/pygments-2.19.2.tar.gz", hash = "sha256:636cb2477cec7f8952536970bc533bc43743542f70392ae026374600add5b887", size = 4968631, upload-time = "2025-06-21T13:39:12.283Z" }
wheels = [
    { url = "https://files.pythonhosted.org/packages/c7/21/705964c7812476f378728bdf590ca4b771ec72385c533964653c68e86bdc/pygments-2.19.2-py3-none-any.whl", hash = "sha256:86540386c03d588bb81d44bc3928634ff26449851e99741617ecb9037ee5ec0b", size = 1225217, upload-time = "2025-06-21T13:39:07.939Z" },
]

[[package]]
name = "pytest"
version = "9.0.2"
source = { registry = "https://pypi.org/simple" }
dependencies = [
    { name = "colorama", marker = "sys_platform == 'win32'" },
    { name = "iniconfig" },
    { name = "packaging" },
    { name = "pluggy" },
    { name = "pygments" },
]
sdist = { url = "https://files.pythonhosted.org/packages/d1/db/7ef3487e0fb0049ddb5ce41d3a49c235bf9ad299b6a25d5780a89f19230f/pytest-9.0.2.tar.gz", hash = "sha256:75186651a92bd89611d1d9fc20f0b4345fd827c41ccd5c299a868a05d70edf11", size = 1568901, upload-time = "2025-12-06T21:30:51.014Z" }
wheels = [
    { url = "https://files.pythonhosted.org/packages/3b/ab/b3226f0bd7cdcf710fbede2b3548584366da3b19b5021e74f5bde2a8fa3f/pytest-9.0.2-py3-none-any.whl", hash = "sha256:711ffd45bf766d5264d487b917733b453d917afd2b0ad65223959f59089f875b", size = 374801, upload-time = "2025-12-06T21:30:49.154Z" },
]

[[package]]
name = "respx"
version = "0.22.0"
source = { registry = "https://pypi.org/simple" }
dependencies = [
    { name = "httpx" },
]
sdist = { url = "https://files.pythonhosted.org/packages/f4/7c/96bd0bc759cf009675ad1ee1f96535edcb11e9666b985717eb8c87192a95/respx-0.22.0.tar.gz", hash = "sha256:3c8924caa2a50bd71aefc07aa812f2466ff489f1848c96e954a5362d17095d91", size = 28439, upload-time = "2024-12-19T22:33:59.374Z" }
wheels = [
    { url = "https://files.pythonhosted.org/packages/8e/67/afbb0978d5399bc9ea200f1d4489a23c9a1dad4eee6376242b8182389c79/respx-0.22.0-py2.py3-none-any.whl", hash = "sha256:631128d4c9aba15e56903fb5f66fb1eff412ce28dd387ca3a81339e52dbd3ad0", size = 25127, upload-time = "2024-12-19T22:33:57.837Z" },
]

[[package]]
name = "ruff"
version = "0.15.6"
source = { registry = "https://pypi.org/simple" }
sdist = { url = "https://files.pythonhosted.org/packages/51/df/f8629c19c5318601d3121e230f74cbee7a3732339c52b21daa2b82ef9c7d/ruff-0.15.6.tar.gz", hash = "sha256:8394c7bb153a4e3811a4ecdacd4a8e6a4fa8097028119160dffecdcdf9b56ae4", size = 4597916, upload-time = "2026-03-12T23:05:47.51Z" }
wheels = [
    { url = "https://files.pythonhosted.org/packages/9e/2f/4e03a7e5ce99b517e98d3b4951f411de2b0fa8348d39cf446671adcce9a2/ruff-0.15.6-py3-none-linux_armv6l.whl", hash = "sha256:7c98c3b16407b2cf3d0f2b80c80187384bc92c6774d85fefa913ecd941256fff", size = 10508953, upload-time = "2026-03-12T23:05:17.246Z" },
    { url = "https://files.pythonhosted.org/packages/70/60/55bcdc3e9f80bcf39edf0cd272da6fa511a3d94d5a0dd9e0adf76ceebdb4/ruff-0.15.6-py3-none-macosx_10_12_x86_64.whl", hash = "sha256:ee7dcfaad8b282a284df4aa6ddc2741b3f4a18b0555d626805555a820ea181c3", size = 10942257, upload-time = "2026-03-12T23:05:23.076Z" },
    { url = "https://files.pythonhosted.org/packages/e7/f9/005c29bd1726c0f492bfa215e95154cf480574140cb5f867c797c18c790b/ruff-0.15.6-py3-none-macosx_11_0_arm64.whl", hash = "sha256:3bd9967851a25f038fc8b9ae88a7fbd1b609f30349231dffaa37b6804923c4bb", size = 10322683, upload-time = "2026-03-12T23:05:33.738Z" },
    { url = "https://files.pythonhosted.org/packages/5f/74/2f861f5fd7cbb2146bddb5501450300ce41562da36d21868c69b7a828169/ruff-0.15.6-py3-none-manylinux_2_17_aarch64.manylinux2014_aarch64.whl", hash = "sha256:13f4594b04e42cd24a41da653886b04d2ff87adbf57497ed4f728b0e8a4866f8", size = 10660986, upload-time = "2026-03-12T23:05:53.245Z" },
    { url = "https://files.pythonhosted.org/packages/c1/a1/309f2364a424eccb763cdafc49df843c282609f47fe53aa83f38272389e0/ruff-0.15.6-py3-none-manylinux_2_17_armv7l.manylinux2014_armv7l.whl", hash = "sha256:e2ed8aea2f3fe57886d3f00ea5b8aae5bf68d5e195f487f037a955ff9fbaac9e", size = 10332177, upload-time = "2026-03-12T23:05:56.145Z" },
    { url = "https://files.pythonhosted.org/packages/30/41/7ebf1d32658b4bab20f8ac80972fb19cd4e2c6b78552be263a680edc55ac/ruff-0.15.6-py3-none-manylinux_2_17_i686.manylinux2014_i686.whl", hash = "sha256:70789d3e7830b848b548aae96766431c0dc01a6c78c13381f423bf7076c66d15", size = 11170783, upload-time = "2026-03-12T23:06:01.742Z" },
    { url = "https://files.pythonhosted.org/packages/76/be/6d488f6adca047df82cd62c304638bcb00821c36bd4881cfca221561fdfc/ruff-0.15.6-py3-none-manylinux_2_17_ppc64le.manylinux2014_ppc64le.whl", hash = "sha256:542aaf1de3154cea088ced5a819ce872611256ffe2498e750bbae5247a8114e9", size = 12044201, upload-time = "2026-03-12T23:05:28.697Z" },
    { url = "https://files.pythonhosted.org/packages/71/68/e6f125df4af7e6d0b498f8d373274794bc5156b324e8ab4bf5c1b4fc0ec7/ruff-0.15.6-py3-none-manylinux_2_17_s390x.manylinux2014_s390x.whl", hash = "sha256:1c22e6f02c16cfac3888aa636e9eba857254d15bbacc9906c9689fdecb1953ab", size = 11421561, upload-time = "2026-03-12T23:05:31.236Z" },
    { url = "https://files.pythonhosted.org/packages/f1/9f/f85ef5fd01a52e0b472b26dc1b4bd228b8f6f0435975442ffa4741278703/ruff-0.15.6-py3-none-manylinux_2_17_x86_64.manylinux2014_x86_64.whl", hash = "sha256:98893c4c0aadc8e448cfa315bd0cc343a5323d740fe5f28ef8a3f9e21b381f7e", size = 11310928, upload-time = "2026-03-12T23:05:45.288Z" },
    { url = "https://files.pythonhosted.org/packages/8c/26/b75f8c421f5654304b89471ed384ae8c7f42b4dff58fa6ce1626d7f2b59a/ruff-0.15.6-py3-none-manylinux_2_31_riscv64.whl", hash = "sha256:70d263770d234912374493e8cc1e7385c5d49376e41dfa51c5c3453169dc581c", size = 11235186, upload-time = "2026-03-12T23:05:50.677Z" },
    { url = "https://files.pythonhosted.org/packages/fc/d4/d5a6d065962ff7a68a86c9b4f5500f7d101a0792078de636526c0edd40da/ruff-0.15.6-py3-none-musllinux_1_2_aarch64.whl", hash = "sha256:55a1ad63c5a6e54b1f21b7514dfadc0c7fb40093fa22e95143cf3f64ebdcd512", size = 10635231, upload-time = "2026-03-12T23:05:37.044Z" },
    { url = "https://files.pythonhosted.org/packages/d6/56/7c3acf3d50910375349016cf33de24be021532042afbed87942858992491/ruff-0.15.6-py3-none-musllinux_1_2_armv7l.whl", hash = "sha256:8dc473ba093c5ec238bb1e7429ee676dca24643c471e11fbaa8a857925b061c0", size = 10340357, upload-time = "2026-03-12T23:06:04.748Z" },
    { url = "https://files.pythonhosted.org/packages/06/54/6faa39e9c1033ff6a3b6e76b5df536931cd30caf64988e112bbf91ef5ce5/ruff-0.15.6-py3-none-musllinux_1_2_i686.whl", hash = "sha256:85b042377c2a5561131767974617006f99f7e13c63c111b998f29fc1e58a4cfb", size = 10860583, upload-time = "2026-03-12T23:05:58.978Z" },
    { url = "https://files.pythonhosted.org/packages/cb/1e/509a201b843b4dfb0b32acdedf68d951d3377988cae43949ba4c4133a96a/ruff-0.15.6-py3-none-musllinux_1_2_x86_64.whl", hash = "sha256:cef49e30bc5a86a6a92098a7fbf6e467a234d90b63305d6f3ec01225a9d092e0", size = 11410976, upload-time = "2026-03-12T23:05:39.955Z" },
    { url = "https://files.pythonhosted.org/packages/6c/25/3fc9114abf979a41673ce877c08016f8e660ad6cf508c3957f537d2e9fa9/ruff-0.15.6-py3-none-win32.whl", hash = "sha256:bbf67d39832404812a2d23020dda68fee7f18ce15654e96fb1d3ad21a5fe436c", size = 10616872, upload-time = "2026-03-12T23:05:42.451Z" },
    { url = "https://files.pythonhosted.org/packages/89/7a/09ece68445ceac348df06e08bf75db72d0e8427765b96c9c0ffabc1be1d9/ruff-0.15.6-py3-none-win_amd64.whl", hash = "sha256:aee25bc84c2f1007ecb5037dff75cef00414fdf17c23f07dc13e577883dca406", size = 11787271, upload-time = "2026-03-12T23:05:20.168Z" },
    { url = "https://files.pythonhosted.org/packages/7f/d0/578c47dd68152ddddddf31cd7fc67dc30b7cdf639a86275fda821b0d9d98/ruff-0.15.6-py3-none-win_arm64.whl", hash = "sha256:c34de3dd0b0ba203be50ae70f5910b17188556630e2178fd7d79fc030eb0d837", size = 11060497, upload-time = "2026-03-12T23:05:25.968Z" },
]

[[package]]
name = "ty"
version = "0.0.22"
source = { registry = "https://pypi.org/simple" }
sdist = { url = "https://files.pythonhosted.org/packages/f5/ee/b73c99daf598ae66a2d5d3ba6de7729d2152ab732dee7ccb8ab9446cc6d7/ty-0.0.22.tar.gz", hash = "sha256:391fc4d3a543950341b750d7f4aa94866a73e7cdbf3e9e4e4e8cfc8b7bef4f10", size = 5333861, upload-time = "2026-03-12T17:40:30.052Z" }
wheels = [
    { url = "https://files.pythonhosted.org/packages/d7/f7/078f554f612723597f76cc6af70da4daed63ed721241a3f60788259c9adf/ty-0.0.22-py3-none-linux_armv6l.whl", hash = "sha256:03d37220d81016cb9d2a9c9ec11704d84f2df838f1dbf1296d91ea7fba57f8b5", size = 10328232, upload-time = "2026-03-12T17:40:19.402Z" },
    { url = "https://files.pythonhosted.org/packages/90/0b/4cfe84485d1b20bb50cdbc990f6e66b8c50cff569c7544adf0805b57ddb9/ty-0.0.22-py3-none-macosx_10_12_x86_64.whl", hash = "sha256:3249c65b24829a312cd5cbf722ff5551ffe17b0a9781a8a372ca037d23aa1c71", size = 10148554, upload-time = "2026-03-12T17:40:25.586Z" },
    { url = "https://files.pythonhosted.org/packages/1b/7e/df31baf70d63880c9719d2cc8403b0b99c3c0d0f68f390a1109d9b231933/ty-0.0.22-py3-none-macosx_11_0_arm64.whl", hash = "sha256:470778f4335f1660f017fe2970afb7e4ce4f8b608795b19406976b8902b221a5", size = 9627910, upload-time = "2026-03-12T17:40:17.447Z" },
    { url = "https://files.pythonhosted.org/packages/99/0f/a418bcca9c87083533d6c73b65e56c6ade26b8d76a7558b3d3cc0f0eb52a/ty-0.0.22-py3-none-manylinux_2_17_aarch64.manylinux2014_aarch64.whl", hash = "sha256:75649b04b84ace92cb5c6e27013247f220f58a9a30b30eb2301992814deea0c4", size = 10155025, upload-time = "2026-03-12T17:40:21.344Z" },
    { url = "https://files.pythonhosted.org/packages/2d/3d/1974c567a58f369602065409d9109c0a81f5abbf1ae552433a89d07141a9/ty-0.0.22-py3-none-manylinux_2_17_armv7l.manylinux2014_armv7l.whl", hash = "sha256:bc270f2344210cbed7d965ddeade61ffa81d93dffcdc0fded3540dccb860a9e1", size = 10133614, upload-time = "2026-03-12T17:40:23.549Z" },
    { url = "https://files.pythonhosted.org/packages/c0/c1/2da9e27c79a1fe9209589a73c989e416a7380bd77dcdf22960b3d30252bf/ty-0.0.22-py3-none-manylinux_2_17_i686.manylinux2014_i686.whl", hash = "sha256:548215b226f9726ea4d9beb77055363a8a398eb42809f042895f7a285afcb538", size = 10647101, upload-time = "2026-03-12T17:40:15.569Z" },
    { url = "https://files.pythonhosted.org/packages/c2/93/4e12c2f0ec792fd4ab9c9f70e59465d09345a453ebedb67d3bf99fd75a71/ty-0.0.22-py3-none-manylinux_2_17_ppc64le.manylinux2014_ppc64le.whl", hash = "sha256:ed0bd1d34eba800b82ebee65269a85a9bbb2a325237e4baaf1413223f69e1899", size = 11231886, upload-time = "2026-03-12T17:40:06.875Z" },
    { url = "https://files.pythonhosted.org/packages/2a/9f/c255a078e4f2ce135497fffa4a5d3a122e4c49a00416fb78d72d7b79e119/ty-0.0.22-py3-none-manylinux_2_17_s390x.manylinux2014_s390x.whl", hash = "sha256:dbd429a31507da9a1b0873a21215113c42cc683aa5fba96c978794485db5560a", size = 10901527, upload-time = "2026-03-12T17:40:34.429Z" },
    { url = "https://files.pythonhosted.org/packages/f2/0d/d1bdee7e16d978ea929837fb03463efc116ee8ad05d215a5efd5d80e56d3/ty-0.0.22-py3-none-manylinux_2_17_x86_64.manylinux2014_x86_64.whl", hash = "sha256:c7eb85a437b3be817796e7c0f84243611de53c7d4ea102a0dca179debfe7cec0", size = 10726505, upload-time = "2026-03-12T17:40:36.342Z" },
    { url = "https://files.pythonhosted.org/packages/a5/d4/6548d2a353f794582ec94d886b310589c70316fe43476a558e53073ea911/ty-0.0.22-py3-none-musllinux_1_2_aarch64.whl", hash = "sha256:b8e32e362e0666cc0769d2862a273def6b61117b8fbb9df493274d536afcd02e", size = 10128777, upload-time = "2026-03-12T17:40:38.517Z" },
    { url = "https://files.pythonhosted.org/packages/9f/d2/eb9185d3fe1fa12decb1c0a045416063bc40122187769b3dfb324da9e51c/ty-0.0.22-py3-none-musllinux_1_2_armv7l.whl", hash = "sha256:667deb1aaf802f396a626cc5a52cd55d935e8d0b46d1be068cf874f7d6f4bdb5", size = 10164992, upload-time = "2026-03-12T17:40:27.833Z" },
    { url = "https://files.pythonhosted.org/packages/7b/ec/067bb6d78cc6f5c4f55f0c3f760eb792b144697b454938fb9d10652caeb2/ty-0.0.22-py3-none-musllinux_1_2_i686.whl", hash = "sha256:e160681dbf602160e091d94a68207d1393733aedd95e3dc0b2d010bb39a70d78", size = 10342871, upload-time = "2026-03-12T17:40:13.447Z" },
    { url = "https://files.pythonhosted.org/packages/c0/04/dd3a87f54f78ceef5e6ab2add2f3bb85d45829318740f459886654b71a5d/ty-0.0.22-py3-none-musllinux_1_2_x86_64.whl", hash = "sha256:255598763079b80513d98084c4897df688e42666d7e4371349f97d258166389d", size = 10823909, upload-time = "2026-03-12T17:40:11.444Z" },
    { url = "https://files.pythonhosted.org/packages/d7/29/4b12e8ff99dec65487ec5342bd5b51fae1482e93a669d098777d55ca5eda/ty-0.0.22-py3-none-win32.whl", hash = "sha256:de0d88d9f788defddfec5507bf356bfc8b90ee301b7d6204f7609e7ac270276f", size = 9746013, upload-time = "2026-03-12T17:40:32.272Z" },
    { url = "https://files.pythonhosted.org/packages/84/16/e246795ed66ff8ee1a47497019f86ea1b4fb238bfca3068f2e08c52ef03b/ty-0.0.22-py3-none-win_amd64.whl", hash = "sha256:c216f750769ac9f3e9e61feabf3fd44c0697dce762bdcd105443d47e1a81c2b9", size = 10709350, upload-time = "2026-03-12T17:40:40.82Z" },
    { url = "https://files.pythonhosted.org/packages/3b/a4/5aafcebc4f597164381b0a82e7a8780d8f9f52df3884b16909a76282a0da/ty-0.0.22-py3-none-win_arm64.whl", hash = "sha256:49795260b9b9e3d6f04424f8ddb34907fac88c33a91b83478a74cead5dde567f", size = 10137248, upload-time = "2026-03-12T17:40:09.244Z" },
]

[[package]]
name = "types-defusedxml"
version = "0.7.0.20250822"
source = { registry = "https://pypi.org/simple" }
sdist = { url = "https://files.pythonhosted.org/packages/7d/4a/5b997ae87bf301d1796f72637baa4e0e10d7db17704a8a71878a9f77f0c0/types_defusedxml-0.7.0.20250822.tar.gz", hash = "sha256:ba6c395105f800c973bba8a25e41b215483e55ec79c8ca82b6fe90ba0bc3f8b2", size = 10590, upload-time = "2025-08-22T03:02:59.547Z" }
wheels = [
    { url = "https://files.pythonhosted.org/packages/13/73/8a36998cee9d7c9702ed64a31f0866c7f192ecffc22771d44dbcc7878f18/types_defusedxml-0.7.0.20250822-py3-none-any.whl", hash = "sha256:5ee219f8a9a79c184773599ad216123aedc62a969533ec36737ec98601f20dcf", size = 13430, upload-time = "2025-08-22T03:02:58.466Z" },
]

[[package]]
name = "types-lupa"
version = "2.6.0.20251026"
source = { registry = "https://pypi.org/simple" }
sdist = { url = "https://files.pythonhosted.org/packages/4f/f7/a804244c92d920cef534cfb506421d2e8c364c284425b214f48c3b09c55c/types_lupa-2.6.0.20251026.tar.gz", hash = "sha256:7f605987c42b1bc5524a0bac99d1b301999ab8a6af2c4ebc4d8db78bc37b72a8", size = 9819, upload-time = "2025-10-26T03:02:55.038Z" }
wheels = [
    { url = "https://files.pythonhosted.org/packages/22/8b/4ac57b10a040d7c7fc5861927d53a3cb857814eb3ea8bd2c73d1e76aa916/types_lupa-2.6.0.20251026-py3-none-any.whl", hash = "sha256:96eef22a2f80eac09b21ca4dc78ff70cf807265941c8cf252c61fb4f4e65bcea", size = 15579, upload-time = "2025-10-26T03:02:53.913Z" },
]

[[package]]
name = "typing-extensions"
version = "4.15.0"
source = { registry = "https://pypi.org/simple" }
sdist = { url = "https://files.pythonhosted.org/packages/72/94/1a15dd82efb362ac84269196e94cf00f187f7ed21c242792a923cdb1c61f/typing_extensions-4.15.0.tar.gz", hash = "sha256:0cea48d173cc12fa28ecabc3b837ea3cf6f38c6d1136f85cbaaf598984861466", size = 109391, upload-time = "2025-08-25T13:49:26.313Z" }
wheels = [
    { url = "https://files.pythonhosted.org/packages/18/67/36e9267722cc04a6b9f15c7f3441c2363321a3ea07da7ae0c0707beb2a9c/typing_extensions-4.15.0-py3-none-any.whl", hash = "sha256:f0fa19c6845758ab08074a0cfa8b7aecb71c999ca73d62883bc25cc018c4e548", size = 44614, upload-time = "2025-08-25T13:49:24.86Z" },
]
